
Microsoft Visual Studio Solution File, Format Version 11.00
# Visual Studio 2010
Project("{FAE04EC0-301F-11D3-BF4B-00C04F79EFBC}") = "Assembly-CSharp", "Assembly-CSharp.csproj", "{f4d96eb4-652c-0d8c-7eaa-e84405f3363a}"
EndProject
Global
	GlobalSection(SolutionConfigurationPlatforms) = preSolution
		Debug|Any CPU = Debug|Any CPU
		Release|Any CPU = Release|Any CPU
	EndGlobalSection
	GlobalSection(ProjectConfigurationPlatforms) = postSolution
		{f4d96eb4-652c-0d8c-7eaa-e84405f3363a}.Debug|Any CPU.ActiveCfg = Debug|Any CPU
		{f4d96eb4-652c-0d8c-7eaa-e84405f3363a}.Debug|Any CPU.Build.0 = Debug|Any CPU
		{f4d96eb4-652c-0d8c-7eaa-e84405f3363a}.Release|Any CPU.ActiveCfg = Release|Any CPU
		{f4d96eb4-652c-0d8c-7eaa-e84405f3363a}.Release|Any CPU.Build.0 = Release|Any CPU
	EndGlobalSection
	GlobalSection(SolutionProperties) = preSolution
		HideSolutionNode = FALSE
	EndGlobalSection
EndGlobal
